// !$*UTF8*$!
{
	archiveVersion = 1;
	classes = {
	};
	objectVersion = 46;
	objects = {

/* Begin PBXBuildFile section */
		238144201AFF02BB00499FCA /* main.cpp in Sources */ = {isa = PBXBuildFile; fileRef = 2381441F1AFF02BB00499FCA /* main.cpp */; };
		2381442C1AFF315800499FCA /* utm_functions.cpp in Sources */ = {isa = PBXBuildFile; fileRef = 2381442B1AFF315800499FCA /* utm_functions.cpp */; };
/* End PBXBuildFile section */

/* Begin PBXCopyFilesBuildPhase section */
		2381441A1AFF02BB00499FCA /* CopyFiles */ = {
			isa = PBXCopyFilesBuildPhase;
			buildActionMask = 2147483647;
			dstPath = /usr/share/man/man1/;
			dstSubfolderSpec = 0;
			files = (
			);
			runOnlyForDeploymentPostprocessing = 1;
		};
/* End PBXCopyFilesBuildPhase section */

/* Begin PBXFileReference section */
		2381441C1AFF02BB00499FCA /* UTM */ = {isa = PBXFileReference; explicitFileType = "compiled.mach-o.executable"; includeInIndex = 0; path = UTM; sourceTree = BUILT_PRODUCTS_DIR; };
		2381441F1AFF02BB00499FCA /* main.cpp */ = {isa = PBXFileReference; lastKnownFileType = sourcecode.cpp.cpp; path = main.cpp; sourceTree = "<group>"; };
		238144261AFF04A600499FCA /* utm_rule.h */ = {isa = PBXFileReference; fileEncoding = 4; lastKnownFileType = sourcecode.c.h; path = utm_rule.h; sourceTree = "<group>"; };
		238144271AFF168D00499FCA /* utm_functions.h */ = {isa = PBXFileReference; fileEncoding = 4; lastKnownFileType = sourcecode.c.h; path = utm_functions.h; sourceTree = "<group>"; };
		238144281AFF176700499FCA /* utm_data_structures.h */ = {isa = PBXFileReference; fileEncoding = 4; lastKnownFileType = sourcecode.c.h; path = utm_data_structures.h; sourceTree = "<group>"; };
		238144291AFF1E0F00499FCA /* utm_types.h */ = {isa = PBXFileReference; fileEncoding = 4; lastKnownFileType = sourcecode.c.h; path = utm_types.h; sourceTree = "<group>"; };
		2381442B1AFF315800499FCA /* utm_functions.cpp */ = {isa = PBXFileReference; fileEncoding = 4; lastKnownFileType = sourcecode.cpp.cpp; path = utm_functions.cpp; sourceTree = "<group>"; };
/* End PBXFileReference section */

/* Begin PBXFrameworksBuildPhase section */
		238144191AFF02BB00499FCA /* Frameworks */ = {
			isa = PBXFrameworksBuildPhase;
			buildActionMask = 2147483647;
			files = (
			);
			runOnlyForDeploymentPostprocessing = 0;
		};
/* End PBXFrameworksBuildPhase section */

/* Begin PBXGroup section */
		238144131AFF02BB00499FCA = {
			isa = PBXGroup;
			children = (
				2381441E1AFF02BB00499FCA /* UTM */,
				2381441D1AFF02BB00499FCA /* Products */,
			);
			sourceTree = "<group>";
		};
		2381441D1AFF02BB00499FCA /* Products */ = {
			isa = PBXGroup;
			children = (
				2381441C1AFF02BB00499FCA /* UTM */,
			);
			name = Products;
			sourceTree = "<group>";
		};
		2381441E1AFF02BB00499FCA /* UTM */ = {
			isa = PBXGroup;
			children = (
				2381441F1AFF02BB00499FCA /* main.cpp */,
				238144271AFF168D00499FCA /* utm_functions.h */,
				2381442B1AFF315800499FCA /* utm_functions.cpp */,
				238144291AFF1E0F00499FCA /* utm_types.h */,
				238144281AFF176700499FCA /* utm_data_structures.h */,
				238144261AFF04A600499FCA /* utm_rule.h */,
			);
			path = UTM;
			sourceTree = "<group>";
		};
/* End PBXGroup section */

/* Begin PBXNativeTarget section */
		2381441B1AFF02BB00499FCA /* UTM */ = {
			isa = PBXNativeTarget;
			buildConfigurationList = 238144231AFF02BB00499FCA /* Build configuration list for PBXNativeTarget "UTM" */;
			buildPhases = (
				238144181AFF02BB00499FCA /* Sources */,
				238144191AFF02BB00499FCA /* Frameworks */,
				2381441A1AFF02BB00499FCA /* CopyFiles */,
			);
			buildRules = (
			);
			dependencies = (
			);
			name = UTM;
			productName = UTM;
			productReference = 2381441C1AFF02BB00499FCA /* UTM */;
			productType = "com.apple.product-type.tool";
		};
/* End PBXNativeTarget section */

/* Begin PBXProject section */
		238144141AFF02BB00499FCA /* Project object */ = {
			isa = PBXProject;
			attributes = {
				LastUpgradeCheck = 0630;
				ORGANIZATIONNAME = bisr;
				TargetAttributes = {
					2381441B1AFF02BB00499FCA = {
						CreatedOnToolsVersion = 6.3.1;
					};
				};
			};
			buildConfigurationList = 238144171AFF02BB00499FCA /* Build configuration list for PBXProject "UTM" */;
			compatibilityVersion = "Xcode 3.2";
			developmentRegion = English;
			hasScannedForEncodings = 0;
			knownRegions = (
				en,
			);
			mainGroup = 238144131AFF02BB00499FCA;
			productRefGroup = 2381441D1AFF02BB00499FCA /* Products */;
			projectDirPath = "";
			projectRoot = "";
			targets = (
				2381441B1AFF02BB00499FCA /* UTM */,
			);
		};
/* End PBXProject section */

/* Begin PBXSourcesBuildPhase section */
		238144181AFF02BB00499FCA /* Sources */ = {
			isa = PBXSourcesBuildPhase;
			buildActionMask = 2147483647;
			files = (
				2381442C1AFF315800499FCA /* utm_functions.cpp in Sources */,
				238144201AFF02BB00499FCA /* main.cpp in Sources */,
			);
			runOnlyForDeploymentPostprocessing = 0;
		};
/* End PBXSourcesBuildPhase section */

/* Begin XCBuildConfiguration section */
		238144211AFF02BB00499FCA /* Debug */ = {
			isa = XCBuildConfiguration;
			buildSettings = {
				ALWAYS_SEARCH_USER_PATHS = NO;
				CLANG_CXX_LANGUAGE_STANDARD = "gnu++0x";
				CLANG_CXX_LIBRARY = "libc++";
				CLANG_ENABLE_MODULES = YES;
				CLANG_ENABLE_OBJC_ARC = YES;
				CLANG_WARN_BOOL_CONVERSION = YES;
				CLANG_WARN_CONSTANT_CONVERSION = YES;
				CLANG_WARN_DIRECT_OBJC_ISA_USAGE = YES_ERROR;
				CLANG_WARN_EMPTY_BODY = YES;
				CLANG_WARN_ENUM_CONVERSION = YES;
				CLANG_WARN_INT_CONVERSION = YES;
				CLANG_WARN_OBJC_ROOT_CLASS = YES_ERROR;
				CLANG_WARN_UNREACHABLE_CODE = YES;
				CLANG_WARN__DUPLICATE_METHOD_MATCH = YES;
				COPY_PHASE_STRIP = NO;
				DEBUG_INFORMATION_FORMAT = dwarf;
				ENABLE_STRICT_OBJC_MSGSEND = YES;
				GCC_C_LANGUAGE_STANDARD = gnu99;
				GCC_DYNAMIC_NO_PIC = NO;
				GCC_NO_COMMON_BLOCKS = YES;
				GCC_OPTIMIZATION_LEVEL = 0;
				GCC_PREPROCESSOR_DEFINITIONS = (
					"DEBUG=1",
					"$(inherited)",
				);
				GCC_SYMBOLS_PRIVATE_EXTERN = NO;
				GCC_WARN_64_TO_32_BIT_CONVERSION = YES;
				GCC_WARN_ABOUT_RETURN_TYPE = YES_ERROR;
				GCC_WARN_UNDECLARED_SELECTOR = YES;
				GCC_WARN_UNINITIALIZED_AUTOS = YES_AGGRESSIVE;
				GCC_WARN_UNUSED_FUNCTION = YES;
				GCC_WARN_UNUSED_VARIABLE = YES;
				MACOSX_DEPLOYMENT_TARGET = 10.10;
				MTL_ENABLE_DEBUG_INFO = YES;
				ONLY_ACTIVE_ARCH = YES;
				SDKROOT = macosx;
			};
			name = Debug;
		};
		238144221AFF02BB00499FCA /* Release */ = {
			isa = XCBuildConfiguration;
			buildSettings = {
				ALWAYS_SEARCH_USER_PATHS = NO;
				CLANG_CXX_LANGUAGE_STANDARD = "gnu++0x";
				CLANG_CXX_LIBRARY = "libc++";
				CLANG_ENABLE_MODULES = YES;
				CLANG_ENABLE_OBJC_ARC = YES;
				CLANG_WARN_BOOL_CONVERSION = YES;
				CLANG_WARN_CONSTANT_CONVERSION = YES;
				CLANG_WARN_DIRECT_OBJC_ISA_USAGE = YES_ERROR;
				CLANG_WARN_EMPTY_BODY = YES;
				CLANG_WARN_ENUM_CONVERSION = YES;
				CLANG_WARN_INT_CONVERSION = YES;
				CLANG_WARN_OBJC_ROOT_CLASS = YES_ERROR;
				CLANG_WARN_UNREACHABLE_CODE = YES;
				CLANG_WARN__DUPLICATE_METHOD_MATCH = YES;
				COPY_PHASE_STRIP = NO;
				DEBUG_INFORMATION_FORMAT = "dwarf-with-dsym";
				ENABLE_NS_ASSERTIONS = NO;
				ENABLE_STRICT_OBJC_MSGSEND = YES;
				GCC_C_LANGUAGE_STANDARD = gnu99;
				GCC_NO_COMMON_BLOCKS = YES;
				GCC_WARN_64_TO_32_BIT_CONVERSION = YES;
				GCC_WARN_ABOUT_RETURN_TYPE = YES_ERROR;
				GCC_WARN_UNDECLARED_SELECTOR = YES;
				GCC_WARN_UNINITIALIZED_AUTOS = YES_AGGRESSIVE;
				GCC_WARN_UNUSED_FUNCTION = YES;
				GCC_WARN_UNUSED_VARIABLE = YES;
				MACOSX_DEPLOYMENT_TARGET = 10.10;
				MTL_ENABLE_DEBUG_INFO = NO;
				SDKROOT = macosx;
			};
			name = Release;
		};
		238144241AFF02BB00499FCA /* Debug */ = {
			isa = XCBuildConfiguration;
			buildSettings = {
				PRODUCT_NAME = "$(TARGET_NAME)";
			};
			name = Debug;
		};
		238144251AFF02BB00499FCA /* Release */ = {
			isa = XCBuildConfiguration;
			buildSettings = {
				PRODUCT_NAME = "$(TARGET_NAME)";
			};
			name = Release;
		};
/* End XCBuildConfiguration section */

/* Begin XCConfigurationList section */
		238144171AFF02BB00499FCA /* Build configuration list for PBXProject "UTM" */ = {
			isa = XCConfigurationList;
			buildConfigurations = (
				238144211AFF02BB00499FCA /* Debug */,
				238144221AFF02BB00499FCA /* Release */,
			);
			defaultConfigurationIsVisible = 0;
			defaultConfigurationName = Release;
		};
		238144231AFF02BB00499FCA /* Build configuration list for PBXNativeTarget "UTM" */ = {
			isa = XCConfigurationList;
			buildConfigurations = (
				238144241AFF02BB00499FCA /* Debug */,
				238144251AFF02BB00499FCA /* Release */,
			);
			defaultConfigurationIsVisible = 0;
		};
/* End XCConfigurationList section */
	};
	rootObject = 238144141AFF02BB00499FCA /* Project object */;
}
